# Code generated by scarb DO NOT EDIT.
version = 1

[[package]]
name = "openzeppelin"
version = "0.20.0"
source = "git+https://github.com/OpenZeppelin/cairo-contracts.git#39950b704feb356389c979c11d987d957409d0dc"
dependencies = [
 "openzeppelin_access",
 "openzeppelin_account",
 "openzeppelin_finance",
 "openzeppelin_governance",
 "openzeppelin_introspection",
 "openzeppelin_merkle_tree",
 "openzeppelin_presets",
 "openzeppelin_security",
 "openzeppelin_token",
 "openzeppelin_upgrades",
 "openzeppelin_utils",
]

[[package]]
name = "openzeppelin_access"
version = "0.20.0"
source = "git+https://github.com/OpenZeppelin/cairo-contracts.git#39950b704feb356389c979c11d987d957409d0dc"
dependencies = [
 "openzeppelin_introspection",
]

[[package]]
name = "openzeppelin_account"
version = "0.20.0"
source = "git+https://github.com/OpenZeppelin/cairo-contracts.git#39950b704feb356389c979c11d987d957409d0dc"
dependencies = [
 "openzeppelin_introspection",
 "openzeppelin_utils",
]

[[package]]
name = "openzeppelin_finance"
version = "0.20.0"
source = "git+https://github.com/OpenZeppelin/cairo-contracts.git#39950b704feb356389c979c11d987d957409d0dc"
dependencies = [
 "openzeppelin_access",
 "openzeppelin_token",
]

[[package]]
name = "openzeppelin_governance"
version = "0.20.0"
source = "git+https://github.com/OpenZeppelin/cairo-contracts.git#39950b704feb356389c979c11d987d957409d0dc"
dependencies = [
 "openzeppelin_access",
 "openzeppelin_account",
 "openzeppelin_introspection",
 "openzeppelin_token",
 "openzeppelin_utils",
]

[[package]]
name = "openzeppelin_introspection"
version = "0.20.0"
source = "git+https://github.com/OpenZeppelin/cairo-contracts.git#39950b704feb356389c979c11d987d957409d0dc"

[[package]]
name = "openzeppelin_merkle_tree"
version = "0.20.0"
source = "git+https://github.com/OpenZeppelin/cairo-contracts.git#39950b704feb356389c979c11d987d957409d0dc"

[[package]]
name = "openzeppelin_presets"
version = "0.20.0"
source = "git+https://github.com/OpenZeppelin/cairo-contracts.git#39950b704feb356389c979c11d987d957409d0dc"
dependencies = [
 "openzeppelin_access",
 "openzeppelin_account",
 "openzeppelin_finance",
 "openzeppelin_introspection",
 "openzeppelin_token",
 "openzeppelin_upgrades",
 "openzeppelin_utils",
]

[[package]]
name = "openzeppelin_security"
version = "0.20.0"
source = "git+https://github.com/OpenZeppelin/cairo-contracts.git#39950b704feb356389c979c11d987d957409d0dc"

[[package]]
name = "openzeppelin_token"
version = "0.20.0"
source = "git+https://github.com/OpenZeppelin/cairo-contracts.git#39950b704feb356389c979c11d987d957409d0dc"
dependencies = [
 "openzeppelin_access",
 "openzeppelin_account",
 "openzeppelin_introspection",
 "openzeppelin_utils",
]

[[package]]
name = "openzeppelin_upgrades"
version = "0.20.0"
source = "git+https://github.com/OpenZeppelin/cairo-contracts.git#39950b704feb356389c979c11d987d957409d0dc"

[[package]]
name = "openzeppelin_utils"
version = "0.20.0"
source = "git+https://github.com/OpenZeppelin/cairo-contracts.git#39950b704feb356389c979c11d987d957409d0dc"

[[package]]
name = "pragma_lib"
version = "1.0.0"
source = "git+https://github.com/astraly-labs/pragma-lib#cf9c4ccf51e8294f4502392b296062a167295ee2"
dependencies = [
 "openzeppelin",
]

[[package]]
name = "safe_haven"
version = "0.1.0"
dependencies = [
 "openzeppelin",
 "pragma_lib",
 "snforge_std",
]

[[package]]
name = "snforge_scarb_plugin"
version = "0.35.1"
source = "registry+https://scarbs.xyz/"
checksum = "sha256:1b6d50abc7f306a06abf90649bcd60a3bc1cdf6d0dc21a9725c71b014a334bab"

[[package]]
name = "snforge_std"
version = "0.35.1"
source = "registry+https://scarbs.xyz/"
checksum = "sha256:e25cbeb9cbed6da8e14ab19ad0e7c1d888055dfee62978a845ce669cfaba5d93"
dependencies = [
 "snforge_scarb_plugin",
]
